{
  "name": "TheOriginMC",
  "version": "1.0.0",
  "lockfileVersion": 1,
  "requires": true,
  "dependencies": {
    "enmap": {
      "version": "3.1.1",
      "resolved": "https://registry.npmjs.org/enmap/-/enmap-3.1.1.tgz",
      "integrity": "sha512-m5U3toCpPMnB9JvD4yM0OmLo47KjrkZAtG6j87V/A8V6tOMO+1nJvn6HZK8WFihNG6N6kl2OuBfKnsLX6x1GOw==",
      "requires": {
        "lodash": "4.17.10"
      }
    },
    "fs": {
      "version": "0.0.1-security",
      "resolved": "https://registry.npmjs.org/fs/-/fs-0.0.1-security.tgz",
      "integrity": "sha1-invTcYa23d84E/I4WLV+yq9eQdQ="
    },
    "lodash": {
      "version": "4.17.10",
      "resolved": "https://registry.npmjs.org/lodash/-/lodash-4.17.10.tgz",
      "integrity": "sha512-UejweD1pDoXu+AD825lWwp4ZGtSwgnpZxb3JDViD7StjQz+Nb/6l093lx4OQ0foGWNRoc19mWy7BzL+UAK2iVg=="
    }
  }
}
